// !$*UTF8*$!
{
	archiveVersion = 1;
	classes = {
	};
	objectVersion = 50;
	objects = {

/* Begin PBXBuildFile section */
		50BB1E36241E38B4009DF83E /* AppDelegate.swift in Sources */ = {isa = PBXBuildFile; fileRef = 50BB1E35241E38B4009DF83E /* AppDelegate.swift */; };
		50BB1E38241E38B4009DF83E /* SceneDelegate.swift in Sources */ = {isa = PBXBuildFile; fileRef = 50BB1E37241E38B4009DF83E /* SceneDelegate.swift */; };
		50BB1E3D241E38B4009DF83E /* Main.storyboard in Resources */ = {isa = PBXBuildFile; fileRef = 50BB1E3B241E38B4009DF83E /* Main.storyboard */; };
		50BB1E3F241E38B6009DF83E /* Assets.xcassets in Resources */ = {isa = PBXBuildFile; fileRef = 50BB1E3E241E38B6009DF83E /* Assets.xcassets */; };
		50BB1E42241E38B6009DF83E /* LaunchScreen.storyboard in Resources */ = {isa = PBXBuildFile; fileRef = 50BB1E40241E38B6009DF83E /* LaunchScreen.storyboard */; };
		50BB1E4C241E39DA009DF83E /* Task.swift in Sources */ = {isa = PBXBuildFile; fileRef = 50BB1E4B241E39DA009DF83E /* Task.swift */; };
		50BB1E4E241E4BC9009DF83E /* TableViewController.swift in Sources */ = {isa = PBXBuildFile; fileRef = 50BB1E4D241E4BC9009DF83E /* TableViewController.swift */; };
/* End PBXBuildFile section */

/* Begin PBXFileReference section */
		50BB1E32241E38B4009DF83E /* Task Tree.app */ = {isa = PBXFileReference; explicitFileType = wrapper.application; includeInIndex = 0; path = "Task Tree.app"; sourceTree = BUILT_PRODUCTS_DIR; };
		50BB1E35241E38B4009DF83E /* AppDelegate.swift */ = {isa = PBXFileReference; lastKnownFileType = sourcecode.swift; path = AppDelegate.swift; sourceTree = "<group>"; };
		50BB1E37241E38B4009DF83E /* SceneDelegate.swift */ = {isa = PBXFileReference; lastKnownFileType = sourcecode.swift; path = SceneDelegate.swift; sourceTree = "<group>"; };
		50BB1E3C241E38B4009DF83E /* Base */ = {isa = PBXFileReference; lastKnownFileType = file.storyboard; name = Base; path = Base.lproj/Main.storyboard; sourceTree = "<group>"; };
		50BB1E3E241E38B6009DF83E /* Assets.xcassets */ = {isa = PBXFileReference; lastKnownFileType = folder.assetcatalog; path = Assets.xcassets; sourceTree = "<group>"; };
		50BB1E41241E38B6009DF83E /* Base */ = {isa = PBXFileReference; lastKnownFileType = file.storyboard; name = Base; path = Base.lproj/LaunchScreen.storyboard; sourceTree = "<group>"; };
		50BB1E43241E38B6009DF83E /* Info.plist */ = {isa = PBXFileReference; lastKnownFileType = text.plist.xml; path = Info.plist; sourceTree = "<group>"; };
		50BB1E4B241E39DA009DF83E /* Task.swift */ = {isa = PBXFileReference; lastKnownFileType = sourcecode.swift; path = Task.swift; sourceTree = "<group>"; };
		50BB1E4D241E4BC9009DF83E /* TableViewController.swift */ = {isa = PBXFileReference; lastKnownFileType = sourcecode.swift; path = TableViewController.swift; sourceTree = "<group>"; };
/* End PBXFileReference section */

/* Begin PBXFrameworksBuildPhase section */
		50BB1E2F241E38B3009DF83E /* Frameworks */ = {
			isa = PBXFrameworksBuildPhase;
			buildActionMask = 2147483647;
			files = (
			);
			runOnlyForDeploymentPostprocessing = 0;
		};
/* End PBXFrameworksBuildPhase section */

/* Begin PBXGroup section */
		50BB1E29241E38B3009DF83E = {
			isa = PBXGroup;
			children = (
				50BB1E34241E38B4009DF83E /* Task Tree */,
				50BB1E33241E38B4009DF83E /* Products */,
			);
			sourceTree = "<group>";
		};
		50BB1E33241E38B4009DF83E /* Products */ = {
			isa = PBXGroup;
			children = (
				50BB1E32241E38B4009DF83E /* Task Tree.app */,
			);
			name = Products;
			sourceTree = "<group>";
		};
		50BB1E34241E38B4009DF83E /* Task Tree */ = {
			isa = PBXGroup;
			children = (
				50BB1E3B241E38B4009DF83E /* Main.storyboard */,
				50BB1E35241E38B4009DF83E /* AppDelegate.swift */,
				50BB1E37241E38B4009DF83E /* SceneDelegate.swift */,
				50BB1E3E241E38B6009DF83E /* Assets.xcassets */,
				50BB1E40241E38B6009DF83E /* LaunchScreen.storyboard */,
				50BB1E43241E38B6009DF83E /* Info.plist */,
				50BB1E4B241E39DA009DF83E /* Task.swift */,
				50BB1E4D241E4BC9009DF83E /* TableViewController.swift */,
			);
			path = "Task Tree";
			sourceTree = "<group>";
		};
/* End PBXGroup section */

/* Begin PBXNativeTarget section */
		50BB1E31241E38B3009DF83E /* Task Tree */ = {
			isa = PBXNativeTarget;
			buildConfigurationList = 50BB1E46241E38B6009DF83E /* Build configuration list for PBXNativeTarget "Task Tree" */;
			buildPhases = (
				50BB1E2E241E38B3009DF83E /* Sources */,
				50BB1E2F241E38B3009DF83E /* Frameworks */,
				50BB1E30241E38B3009DF83E /* Resources */,
			);
			buildRules = (
			);
			dependencies = (
			);
			name = "Task Tree";
			productName = "Task Tree";
			productReference = 50BB1E32241E38B4009DF83E /* Task Tree.app */;
			productType = "com.apple.product-type.application";
		};
/* End PBXNativeTarget section */

/* Begin PBXProject section */
		50BB1E2A241E38B3009DF83E /* Project object */ = {
			isa = PBXProject;
			attributes = {
				LastSwiftUpdateCheck = 1130;
				LastUpgradeCheck = 1130;
				ORGANIZATIONNAME = "Maksim Romanov";
				TargetAttributes = {
					50BB1E31241E38B3009DF83E = {
						CreatedOnToolsVersion = 11.3.1;
					};
				};
			};
			buildConfigurationList = 50BB1E2D241E38B3009DF83E /* Build configuration list for PBXProject "Task Tree" */;
			compatibilityVersion = "Xcode 9.3";
			developmentRegion = en;
			hasScannedForEncodings = 0;
			knownRegions = (
				en,
				Base,
			);
			mainGroup = 50BB1E29241E38B3009DF83E;
			productRefGroup = 50BB1E33241E38B4009DF83E /* Products */;
			projectDirPath = "";
			projectRoot = "";
			targets = (
				50BB1E31241E38B3009DF83E /* Task Tree */,
			);
		};
/* End PBXProject section */

/* Begin PBXResourcesBuildPhase section */
		50BB1E30241E38B3009DF83E /* Resources */ = {
			isa = PBXResourcesBuildPhase;
			buildActionMask = 2147483647;
			files = (
				50BB1E42241E38B6009DF83E /* LaunchScreen.storyboard in Resources */,
				50BB1E3F241E38B6009DF83E /* Assets.xcassets in Resources */,
				50BB1E3D241E38B4009DF83E /* Main.storyboard in Resources */,
			);
			runOnlyForDeploymentPostprocessing = 0;
		};
/* End PBXResourcesBuildPhase section */

/* Begin PBXSourcesBuildPhase section */
		50BB1E2E241E38B3009DF83E /* Sources */ = {
			isa = PBXSourcesBuildPhase;
			buildActionMask = 2147483647;
			files = (
				50BB1E4C241E39DA009DF83E /* Task.swift in Sources */,
				50BB1E36241E38B4009DF83E /* AppDelegate.swift in Sources */,
				50BB1E4E241E4BC9009DF83E /* TableViewController.swift in Sources */,
				50BB1E38241E38B4009DF83E /* SceneDelegate.swift in Sources */,
			);
			runOnlyForDeploymentPostprocessing = 0;
		};
/* End PBXSourcesBuildPhase section */

/* Begin PBXVariantGroup section */
		50BB1E3B241E38B4009DF83E /* Main.storyboard */ = {
			isa = PBXVariantGroup;
			children = (
				50BB1E3C241E38B4009DF83E /* Base */,
			);
			name = Main.storyboard;
			sourceTree = "<group>";
		};
		50BB1E40241E38B6009DF83E /* LaunchScreen.storyboard */ = {
			isa = PBXVariantGroup;
			children = (
				50BB1E41241E38B6009DF83E /* Base */,
			);
			name = LaunchScreen.storyboard;
			sourceTree = "<group>";
		};
/* End PBXVariantGroup section */

/* Begin XCBuildConfiguration section */
		50BB1E44241E38B6009DF83E /* Debug */ = {
			isa = XCBuildConfiguration;
			buildSettings = {
				ALWAYS_SEARCH_USER_PATHS = NO;
				CLANG_ANALYZER_NONNULL = YES;
				CLANG_ANALYZER_NUMBER_OBJECT_CONVERSION = YES_AGGRESSIVE;
				CLANG_CXX_LANGUAGE_STANDARD = "gnu++14";
				CLANG_CXX_LIBRARY = "libc++";
				CLANG_ENABLE_MODULES = YES;
				CLANG_ENABLE_OBJC_ARC = YES;
				CLANG_ENABLE_OBJC_WEAK = YES;
				CLANG_WARN_BLOCK_CAPTURE_AUTORELEASING = YES;
				CLANG_WARN_BOOL_CONVERSION = YES;
				CLANG_WARN_COMMA = YES;
				CLANG_WARN_CONSTANT_CONVERSION = YES;
				CLANG_WARN_DEPRECATED_OBJC_IMPLEMENTATIONS = YES;
				CLANG_WARN_DIRECT_OBJC_ISA_USAGE = YES_ERROR;
				CLANG_WARN_DOCUMENTATION_COMMENTS = YES;
				CLANG_WARN_EMPTY_BODY = YES;
				CLANG_WARN_ENUM_CONVERSION = YES;
				CLANG_WARN_INFINITE_RECURSION = YES;
				CLANG_WARN_INT_CONVERSION = YES;
				CLANG_WARN_NON_LITERAL_NULL_CONVERSION = YES;
				CLANG_WARN_OBJC_IMPLICIT_RETAIN_SELF = YES;
				CLANG_WARN_OBJC_LITERAL_CONVERSION = YES;
				CLANG_WARN_OBJC_ROOT_CLASS = YES_ERROR;
				CLANG_WARN_RANGE_LOOP_ANALYSIS = YES;
				CLANG_WARN_STRICT_PROTOTYPES = YES;
				CLANG_WARN_SUSPICIOUS_MOVE = YES;
				CLANG_WARN_UNGUARDED_AVAILABILITY = YES_AGGRESSIVE;
				CLANG_WARN_UNREACHABLE_CODE = YES;
				CLANG_WARN__DUPLICATE_METHOD_MATCH = YES;
				COPY_PHASE_STRIP = NO;
				DEBUG_INFORMATION_FORMAT = dwarf;
				ENABLE_STRICT_OBJC_MSGSEND = YES;
				ENABLE_TESTABILITY = YES;
				GCC_C_LANGUAGE_STANDARD = gnu11;
				GCC_DYNAMIC_NO_PIC = NO;
				GCC_NO_COMMON_BLOCKS = YES;
				GCC_OPTIMIZATION_LEVEL = 0;
				GCC_PREPROCESSOR_DEFINITIONS = (
					"DEBUG=1",
					"$(inherited)",
				);
				GCC_WARN_64_TO_32_BIT_CONVERSION = YES;
				GCC_WARN_ABOUT_RETURN_TYPE = YES_ERROR;
				GCC_WARN_UNDECLARED_SELECTOR = YES;
				GCC_WARN_UNINITIALIZED_AUTOS = YES_AGGRESSIVE;
				GCC_WARN_UNUSED_FUNCTION = YES;
				GCC_WARN_UNUSED_VARIABLE = YES;
				IPHONEOS_DEPLOYMENT_TARGET = 13.2;
				MTL_ENABLE_DEBUG_INFO = INCLUDE_SOURCE;
				MTL_FAST_MATH = YES;
				ONLY_ACTIVE_ARCH = YES;
				SDKROOT = iphoneos;
				SWIFT_ACTIVE_COMPILATION_CONDITIONS = DEBUG;
				SWIFT_OPTIMIZATION_LEVEL = "-Onone";
			};
			name = Debug;
		};
		50BB1E45241E38B6009DF83E /* Release */ = {
			isa = XCBuildConfiguration;
			buildSettings = {
				ALWAYS_SEARCH_USER_PATHS = NO;
				CLANG_ANALYZER_NONNULL = YES;
				CLANG_ANALYZER_NUMBER_OBJECT_CONVERSION = YES_AGGRESSIVE;
				CLANG_CXX_LANGUAGE_STANDARD = "gnu++14";
				CLANG_CXX_LIBRARY = "libc++";
				CLANG_ENABLE_MODULES = YES;
				CLANG_ENABLE_OBJC_ARC = YES;
				CLANG_ENABLE_OBJC_WEAK = YES;
				CLANG_WARN_BLOCK_CAPTURE_AUTORELEASING = YES;
				CLANG_WARN_BOOL_CONVERSION = YES;
				CLANG_WARN_COMMA = YES;
				CLANG_WARN_CONSTANT_CONVERSION = YES;
				CLANG_WARN_DEPRECATED_OBJC_IMPLEMENTATIONS = YES;
				CLANG_WARN_DIRECT_OBJC_ISA_USAGE = YES_ERROR;
				CLANG_WARN_DOCUMENTATION_COMMENTS = YES;
				CLANG_WARN_EMPTY_BODY = YES;
				CLANG_WARN_ENUM_CONVERSION = YES;
				CLANG_WARN_INFINITE_RECURSION = YES;
				CLANG_WARN_INT_CONVERSION = YES;
				CLANG_WARN_NON_LITERAL_NULL_CONVERSION = YES;
				CLANG_WARN_OBJC_IMPLICIT_RETAIN_SELF = YES;
				CLANG_WARN_OBJC_LITERAL_CONVERSION = YES;
				CLANG_WARN_OBJC_ROOT_CLASS = YES_ERROR;
				CLANG_WARN_RANGE_LOOP_ANALYSIS = YES;
				CLANG_WARN_STRICT_PROTOTYPES = YES;
				CLANG_WARN_SUSPICIOUS_MOVE = YES;
				CLANG_WARN_UNGUARDED_AVAILABILITY = YES_AGGRESSIVE;
				CLANG_WARN_UNREACHABLE_CODE = YES;
				CLANG_WARN__DUPLICATE_METHOD_MATCH = YES;
				COPY_PHASE_STRIP = NO;
				DEBUG_INFORMATION_FORMAT = "dwarf-with-dsym";
				ENABLE_NS_ASSERTIONS = NO;
				ENABLE_STRICT_OBJC_MSGSEND = YES;
				GCC_C_LANGUAGE_STANDARD = gnu11;
				GCC_NO_COMMON_BLOCKS = YES;
				GCC_WARN_64_TO_32_BIT_CONVERSION = YES;
				GCC_WARN_ABOUT_RETURN_TYPE = YES_ERROR;
				GCC_WARN_UNDECLARED_SELECTOR = YES;
				GCC_WARN_UNINITIALIZED_AUTOS = YES_AGGRESSIVE;
				GCC_WARN_UNUSED_FUNCTION = YES;
				GCC_WARN_UNUSED_VARIABLE = YES;
				IPHONEOS_DEPLOYMENT_TARGET = 13.2;
				MTL_ENABLE_DEBUG_INFO = NO;
				MTL_FAST_MATH = YES;
				SDKROOT = iphoneos;
				SWIFT_COMPILATION_MODE = wholemodule;
				SWIFT_OPTIMIZATION_LEVEL = "-O";
				VALIDATE_PRODUCT = YES;
			};
			name = Release;
		};
		50BB1E47241E38B6009DF83E /* Debug */ = {
			isa = XCBuildConfiguration;
			buildSettings = {
				ASSETCATALOG_COMPILER_APPICON_NAME = AppIcon;
				CODE_SIGN_STYLE = Automatic;
				DEVELOPMENT_TEAM = CYRJ8GPB6C;
				INFOPLIST_FILE = "Task Tree/Info.plist";
				LD_RUNPATH_SEARCH_PATHS = (
					"$(inherited)",
					"@executable_path/Frameworks",
				);
				PRODUCT_BUNDLE_IDENTIFIER = "MR.Task-Tree";
				PRODUCT_NAME = "$(TARGET_NAME)";
				SWIFT_VERSION = 5.0;
				TARGETED_DEVICE_FAMILY = "1,2";
			};
			name = Debug;
		};
		50BB1E48241E38B6009DF83E /* Release */ = {
			isa = XCBuildConfiguration;
			buildSettings = {
				ASSETCATALOG_COMPILER_APPICON_NAME = AppIcon;
				CODE_SIGN_STYLE = Automatic;
				DEVELOPMENT_TEAM = CYRJ8GPB6C;
				INFOPLIST_FILE = "Task Tree/Info.plist";
				LD_RUNPATH_SEARCH_PATHS = (
					"$(inherited)",
					"@executable_path/Frameworks",
				);
				PRODUCT_BUNDLE_IDENTIFIER = "MR.Task-Tree";
				PRODUCT_NAME = "$(TARGET_NAME)";
				SWIFT_VERSION = 5.0;
				TARGETED_DEVICE_FAMILY = "1,2";
			};
			name = Release;
		};
/* End XCBuildConfiguration section */

/* Begin XCConfigurationList section */
		50BB1E2D241E38B3009DF83E /* Build configuration list for PBXProject "Task Tree" */ = {
			isa = XCConfigurationList;
			buildConfigurations = (
				50BB1E44241E38B6009DF83E /* Debug */,
				50BB1E45241E38B6009DF83E /* Release */,
			);
			defaultConfigurationIsVisible = 0;
			defaultConfigurationName = Release;
		};
		50BB1E46241E38B6009DF83E /* Build configuration list for PBXNativeTarget "Task Tree" */ = {
			isa = XCConfigurationList;
			buildConfigurations = (
				50BB1E47241E38B6009DF83E /* Debug */,
				50BB1E48241E38B6009DF83E /* Release */,
			);
			defaultConfigurationIsVisible = 0;
			defaultConfigurationName = Release;
		};
/* End XCConfigurationList section */
	};
	rootObject = 50BB1E2A241E38B3009DF83E /* Project object */;
}
